
Microsoft Visual Studio Solution File, Format Version 12.00
# Visual Studio 2017
Project("{FAE04EC0-301F-11D3-BF4B-00C04F79EFBC}") = "character Controllers.Plugins", "character Controllers.Plugins.csproj", "{16451F89-C2D9-68A9-52BC-D100CEDE7D06}"
EndProject
Project("{FAE04EC0-301F-11D3-BF4B-00C04F79EFBC}") = "character Controllers", "character Controllers.csproj", "{5BFE17D3-D8F5-049A-557E-9367258B8116}"
EndProject
Project("{FAE04EC0-301F-11D3-BF4B-00C04F79EFBC}") = "character Controllers.Editor.Plugins", "character Controllers.Editor.Plugins.csproj", "{22ACE01D-4900-F7E6-6219-21900B07829E}"
EndProject
Global
	GlobalSection(SolutionConfigurationPlatforms) = preSolution
		Debug|Any CPU = Debug|Any CPU
		Release|Any CPU = Release|Any CPU
	EndGlobalSection
	GlobalSection(ProjectConfigurationPlatforms) = postSolution
		{16451F89-C2D9-68A9-52BC-D100CEDE7D06}.Debug|Any CPU.ActiveCfg = Debug|Any CPU
		{16451F89-C2D9-68A9-52BC-D100CEDE7D06}.Debug|Any CPU.Build.0 = Debug|Any CPU
		{16451F89-C2D9-68A9-52BC-D100CEDE7D06}.Release|Any CPU.ActiveCfg = Release|Any CPU
		{16451F89-C2D9-68A9-52BC-D100CEDE7D06}.Release|Any CPU.Build.0 = Release|Any CPU
		{5BFE17D3-D8F5-049A-557E-9367258B8116}.Debug|Any CPU.ActiveCfg = Debug|Any CPU
		{5BFE17D3-D8F5-049A-557E-9367258B8116}.Debug|Any CPU.Build.0 = Debug|Any CPU
		{5BFE17D3-D8F5-049A-557E-9367258B8116}.Release|Any CPU.ActiveCfg = Release|Any CPU
		{5BFE17D3-D8F5-049A-557E-9367258B8116}.Release|Any CPU.Build.0 = Release|Any CPU
		{22ACE01D-4900-F7E6-6219-21900B07829E}.Debug|Any CPU.ActiveCfg = Debug|Any CPU
		{22ACE01D-4900-F7E6-6219-21900B07829E}.Debug|Any CPU.Build.0 = Debug|Any CPU
		{22ACE01D-4900-F7E6-6219-21900B07829E}.Release|Any CPU.ActiveCfg = Release|Any CPU
		{22ACE01D-4900-F7E6-6219-21900B07829E}.Release|Any CPU.Build.0 = Release|Any CPU
	EndGlobalSection
	GlobalSection(SolutionProperties) = preSolution
		HideSolutionNode = FALSE
	EndGlobalSection
EndGlobal
